PODS:
  - HFSwipeView (2.0.1):
    - PureLayout
  - PureLayout (3.0.2)

DEPENDENCIES:
  - HFSwipeView (from `../`)
  - PureLayout

SPEC REPOS:
  trunk:
    - PureLayout

EXTERNAL SOURCES:
  HFSwipeView:
    :path: "../"

SPEC CHECKSUMS:
  HFSwipeView: 1cb1f4fedc794c4bc65f398e3b693caf41a84a4f
  PureLayout: 4d550abe49a94f24c2808b9b95db9131685fe4cd

PODFILE CHECKSUM: a282dedeb44cb0d9bd3c74713880d44d1dcf07e0

COCOAPODS: 1.9.1
